
Microsoft Visual Studio Solution File, Format Version 12.00
# Visual Studio 15
VisualStudioVersion = 15.0.26124.0
MinimumVisualStudioVersion = 15.0.26124.0
Project("{9A19103F-16F7-4668-BE54-9A1E7A4F7556}") = "R5T.Dropbox.Base.Construction", "R5T.Dropbox.Base.Construction\R5T.Dropbox.Base.Construction.csproj", "{1C7AB150-67BF-4BF0-AA0A-31B04F376662}"
EndProject
Project("{9A19103F-16F7-4668-BE54-9A1E7A4F7556}") = "R5T.Dropbox.Base", "R5T.Dropbox.Base\R5T.Dropbox.Base.csproj", "{4633E13C-CA3C-4E7E-97DC-2D1EA1336361}"
EndProject
Project("{9A19103F-16F7-4668-BE54-9A1E7A4F7556}") = "R5T.Dropbox.Base.Testing", "R5T.Dropbox.Base.Testing\R5T.Dropbox.Base.Testing.csproj", "{433EAC5C-F1B7-41B3-85B3-5064DB8F6582}"
EndProject
Project("{2150E333-8FDC-42A3-9474-1A3956D46DE8}") = "_Dependencies", "_Dependencies", "{D645E982-CA15-46ED-A393-B3A75D2C4015}"
EndProject
Project("{9A19103F-16F7-4668-BE54-9A1E7A4F7556}") = "R5T.NetStandard.IO.Paths.Base", "..\..\R5T.NetStandard.IO.Paths.Base\source\R5T.NetStandard.IO.Paths.Base\R5T.NetStandard.IO.Paths.Base.csproj", "{E9192153-5F28-4B45-84B6-3EA45B4E055B}"
EndProject
Project("{9A19103F-16F7-4668-BE54-9A1E7A4F7556}") = "R5T.NetStandard.IO.Paths.Types", "..\..\R5T.NetStandard.IO.Paths.Types\source\R5T.NetStandard.IO.Paths.Types\R5T.NetStandard.IO.Paths.Types.csproj", "{D580EE3C-C7C4-4909-BDA9-953F258ECCBD}"
EndProject
Project("{9A19103F-16F7-4668-BE54-9A1E7A4F7556}") = "R5T.NetStandard.TypedString", "..\..\R5T.NetStandard.TypedString\source\R5T.NetStandard.TypedString\R5T.NetStandard.TypedString.csproj", "{431CA9C1-F7A8-40F8-A84F-3FE62AD558B6}"
EndProject
Project("{9A19103F-16F7-4668-BE54-9A1E7A4F7556}") = "R5T.NetStandard.Types", "..\..\R5T.NetStandard.Types\source\R5T.NetStandard.Types\R5T.NetStandard.Types.csproj", "{434BC9B7-7BB7-4EBD-9EEB-9AFAB4A8A18B}"
EndProject
Global
	GlobalSection(SolutionConfigurationPlatforms) = preSolution
		Debug|Any CPU = Debug|Any CPU
		Debug|x64 = Debug|x64
		Debug|x86 = Debug|x86
		Release|Any CPU = Release|Any CPU
		Release|x64 = Release|x64
		Release|x86 = Release|x86
	EndGlobalSection
	GlobalSection(ProjectConfigurationPlatforms) = postSolution
		{1C7AB150-67BF-4BF0-AA0A-31B04F376662}.Debug|Any CPU.ActiveCfg = Debug|Any CPU
		{1C7AB150-67BF-4BF0-AA0A-31B04F376662}.Debug|Any CPU.Build.0 = Debug|Any CPU
		{1C7AB150-67BF-4BF0-AA0A-31B04F376662}.Debug|x64.ActiveCfg = Debug|Any CPU
		{1C7AB150-67BF-4BF0-AA0A-31B04F376662}.Debug|x64.Build.0 = Debug|Any CPU
		{1C7AB150-67BF-4BF0-AA0A-31B04F376662}.Debug|x86.ActiveCfg = Debug|Any CPU
		{1C7AB150-67BF-4BF0-AA0A-31B04F376662}.Debug|x86.Build.0 = Debug|Any CPU
		{1C7AB150-67BF-4BF0-AA0A-31B04F376662}.Release|Any CPU.ActiveCfg = Release|Any CPU
		{1C7AB150-67BF-4BF0-AA0A-31B04F376662}.Release|Any CPU.Build.0 = Release|Any CPU
		{1C7AB150-67BF-4BF0-AA0A-31B04F376662}.Release|x64.ActiveCfg = Release|Any CPU
		{1C7AB150-67BF-4BF0-AA0A-31B04F376662}.Release|x64.Build.0 = Release|Any CPU
		{1C7AB150-67BF-4BF0-AA0A-31B04F376662}.Release|x86.ActiveCfg = Release|Any CPU
		{1C7AB150-67BF-4BF0-AA0A-31B04F376662}.Release|x86.Build.0 = Release|Any CPU
		{4633E13C-CA3C-4E7E-97DC-2D1EA1336361}.Debug|Any CPU.ActiveCfg = Debug|Any CPU
		{4633E13C-CA3C-4E7E-97DC-2D1EA1336361}.Debug|Any CPU.Build.0 = Debug|Any CPU
		{4633E13C-CA3C-4E7E-97DC-2D1EA1336361}.Debug|x64.ActiveCfg = Debug|Any CPU
		{4633E13C-CA3C-4E7E-97DC-2D1EA1336361}.Debug|x64.Build.0 = Debug|Any CPU
		{4633E13C-CA3C-4E7E-97DC-2D1EA1336361}.Debug|x86.ActiveCfg = Debug|Any CPU
		{4633E13C-CA3C-4E7E-97DC-2D1EA1336361}.Debug|x86.Build.0 = Debug|Any CPU
		{4633E13C-CA3C-4E7E-97DC-2D1EA1336361}.Release|Any CPU.ActiveCfg = Release|Any CPU
		{4633E13C-CA3C-4E7E-97DC-2D1EA1336361}.Release|Any CPU.Build.0 = Release|Any CPU
		{4633E13C-CA3C-4E7E-97DC-2D1EA1336361}.Release|x64.ActiveCfg = Release|Any CPU
		{4633E13C-CA3C-4E7E-97DC-2D1EA1336361}.Release|x64.Build.0 = Release|Any CPU
		{4633E13C-CA3C-4E7E-97DC-2D1EA1336361}.Release|x86.ActiveCfg = Release|Any CPU
		{4633E13C-CA3C-4E7E-97DC-2D1EA1336361}.Release|x86.Build.0 = Release|Any CPU
		{433EAC5C-F1B7-41B3-85B3-5064DB8F6582}.Debug|Any CPU.ActiveCfg = Debug|Any CPU
		{433EAC5C-F1B7-41B3-85B3-5064DB8F6582}.Debug|Any CPU.Build.0 = Debug|Any CPU
		{433EAC5C-F1B7-41B3-85B3-5064DB8F6582}.Debug|x64.ActiveCfg = Debug|Any CPU
		{433EAC5C-F1B7-41B3-85B3-5064DB8F6582}.Debug|x64.Build.0 = Debug|Any CPU
		{433EAC5C-F1B7-41B3-85B3-5064DB8F6582}.Debug|x86.ActiveCfg = Debug|Any CPU
		{433EAC5C-F1B7-41B3-85B3-5064DB8F6582}.Debug|x86.Build.0 = Debug|Any CPU
		{433EAC5C-F1B7-41B3-85B3-5064DB8F6582}.Release|Any CPU.ActiveCfg = Release|Any CPU
		{433EAC5C-F1B7-41B3-85B3-5064DB8F6582}.Release|Any CPU.Build.0 = Release|Any CPU
		{433EAC5C-F1B7-41B3-85B3-5064DB8F6582}.Release|x64.ActiveCfg = Release|Any CPU
		{433EAC5C-F1B7-41B3-85B3-5064DB8F6582}.Release|x64.Build.0 = Release|Any CPU
		{433EAC5C-F1B7-41B3-85B3-5064DB8F6582}.Release|x86.ActiveCfg = Release|Any CPU
		{433EAC5C-F1B7-41B3-85B3-5064DB8F6582}.Release|x86.Build.0 = Release|Any CPU
		{E9192153-5F28-4B45-84B6-3EA45B4E055B}.Debug|Any CPU.ActiveCfg = Debug|Any CPU
		{E9192153-5F28-4B45-84B6-3EA45B4E055B}.Debug|Any CPU.Build.0 = Debug|Any CPU
		{E9192153-5F28-4B45-84B6-3EA45B4E055B}.Debug|x64.ActiveCfg = Debug|Any CPU
		{E9192153-5F28-4B45-84B6-3EA45B4E055B}.Debug|x64.Build.0 = Debug|Any CPU
		{E9192153-5F28-4B45-84B6-3EA45B4E055B}.Debug|x86.ActiveCfg = Debug|Any CPU
		{E9192153-5F28-4B45-84B6-3EA45B4E055B}.Debug|x86.Build.0 = Debug|Any CPU
		{E9192153-5F28-4B45-84B6-3EA45B4E055B}.Release|Any CPU.ActiveCfg = Release|Any CPU
		{E9192153-5F28-4B45-84B6-3EA45B4E055B}.Release|Any CPU.Build.0 = Release|Any CPU
		{E9192153-5F28-4B45-84B6-3EA45B4E055B}.Release|x64.ActiveCfg = Release|Any CPU
		{E9192153-5F28-4B45-84B6-3EA45B4E055B}.Release|x64.Build.0 = Release|Any CPU
		{E9192153-5F28-4B45-84B6-3EA45B4E055B}.Release|x86.ActiveCfg = Release|Any CPU
		{E9192153-5F28-4B45-84B6-3EA45B4E055B}.Release|x86.Build.0 = Release|Any CPU
		{D580EE3C-C7C4-4909-BDA9-953F258ECCBD}.Debug|Any CPU.ActiveCfg = Debug|Any CPU
		{D580EE3C-C7C4-4909-BDA9-953F258ECCBD}.Debug|Any CPU.Build.0 = Debug|Any CPU
		{D580EE3C-C7C4-4909-BDA9-953F258ECCBD}.Debug|x64.ActiveCfg = Debug|Any CPU
		{D580EE3C-C7C4-4909-BDA9-953F258ECCBD}.Debug|x64.Build.0 = Debug|Any CPU
		{D580EE3C-C7C4-4909-BDA9-953F258ECCBD}.Debug|x86.ActiveCfg = Debug|Any CPU
		{D580EE3C-C7C4-4909-BDA9-953F258ECCBD}.Debug|x86.Build.0 = Debug|Any CPU
		{D580EE3C-C7C4-4909-BDA9-953F258ECCBD}.Release|Any CPU.ActiveCfg = Release|Any CPU
		{D580EE3C-C7C4-4909-BDA9-953F258ECCBD}.Release|Any CPU.Build.0 = Release|Any CPU
		{D580EE3C-C7C4-4909-BDA9-953F258ECCBD}.Release|x64.ActiveCfg = Release|Any CPU
		{D580EE3C-C7C4-4909-BDA9-953F258ECCBD}.Release|x64.Build.0 = Release|Any CPU
		{D580EE3C-C7C4-4909-BDA9-953F258ECCBD}.Release|x86.ActiveCfg = Release|Any CPU
		{D580EE3C-C7C4-4909-BDA9-953F258ECCBD}.Release|x86.Build.0 = Release|Any CPU
		{431CA9C1-F7A8-40F8-A84F-3FE62AD558B6}.Debug|Any CPU.ActiveCfg = Debug|Any CPU
		{431CA9C1-F7A8-40F8-A84F-3FE62AD558B6}.Debug|Any CPU.Build.0 = Debug|Any CPU
		{431CA9C1-F7A8-40F8-A84F-3FE62AD558B6}.Debug|x64.ActiveCfg = Debug|Any CPU
		{431CA9C1-F7A8-40F8-A84F-3FE62AD558B6}.Debug|x64.Build.0 = Debug|Any CPU
		{431CA9C1-F7A8-40F8-A84F-3FE62AD558B6}.Debug|x86.ActiveCfg = Debug|Any CPU
		{431CA9C1-F7A8-40F8-A84F-3FE62AD558B6}.Debug|x86.Build.0 = Debug|Any CPU
		{431CA9C1-F7A8-40F8-A84F-3FE62AD558B6}.Release|Any CPU.ActiveCfg = Release|Any CPU
		{431CA9C1-F7A8-40F8-A84F-3FE62AD558B6}.Release|Any CPU.Build.0 = Release|Any CPU
		{431CA9C1-F7A8-40F8-A84F-3FE62AD558B6}.Release|x64.ActiveCfg = Release|Any CPU
		{431CA9C1-F7A8-40F8-A84F-3FE62AD558B6}.Release|x64.Build.0 = Release|Any CPU
		{431CA9C1-F7A8-40F8-A84F-3FE62AD558B6}.Release|x86.ActiveCfg = Release|Any CPU
		{431CA9C1-F7A8-40F8-A84F-3FE62AD558B6}.Release|x86.Build.0 = Release|Any CPU
		{434BC9B7-7BB7-4EBD-9EEB-9AFAB4A8A18B}.Debug|Any CPU.ActiveCfg = Debug|Any CPU
		{434BC9B7-7BB7-4EBD-9EEB-9AFAB4A8A18B}.Debug|Any CPU.Build.0 = Debug|Any CPU
		{434BC9B7-7BB7-4EBD-9EEB-9AFAB4A8A18B}.Debug|x64.ActiveCfg = Debug|Any CPU
		{434BC9B7-7BB7-4EBD-9EEB-9AFAB4A8A18B}.Debug|x64.Build.0 = Debug|Any CPU
		{434BC9B7-7BB7-4EBD-9EEB-9AFAB4A8A18B}.Debug|x86.ActiveCfg = Debug|Any CPU
		{434BC9B7-7BB7-4EBD-9EEB-9AFAB4A8A18B}.Debug|x86.Build.0 = Debug|Any CPU
		{434BC9B7-7BB7-4EBD-9EEB-9AFAB4A8A18B}.Release|Any CPU.ActiveCfg = Release|Any CPU
		{434BC9B7-7BB7-4EBD-9EEB-9AFAB4A8A18B}.Release|Any CPU.Build.0 = Release|Any CPU
		{434BC9B7-7BB7-4EBD-9EEB-9AFAB4A8A18B}.Release|x64.ActiveCfg = Release|Any CPU
		{434BC9B7-7BB7-4EBD-9EEB-9AFAB4A8A18B}.Release|x64.Build.0 = Release|Any CPU
		{434BC9B7-7BB7-4EBD-9EEB-9AFAB4A8A18B}.Release|x86.ActiveCfg = Release|Any CPU
		{434BC9B7-7BB7-4EBD-9EEB-9AFAB4A8A18B}.Release|x86.Build.0 = Release|Any CPU
	EndGlobalSection
	GlobalSection(SolutionProperties) = preSolution
		HideSolutionNode = FALSE
	EndGlobalSection
	GlobalSection(NestedProjects) = preSolution
		{E9192153-5F28-4B45-84B6-3EA45B4E055B} = {D645E982-CA15-46ED-A393-B3A75D2C4015}
		{D580EE3C-C7C4-4909-BDA9-953F258ECCBD} = {D645E982-CA15-46ED-A393-B3A75D2C4015}
		{431CA9C1-F7A8-40F8-A84F-3FE62AD558B6} = {D645E982-CA15-46ED-A393-B3A75D2C4015}
		{434BC9B7-7BB7-4EBD-9EEB-9AFAB4A8A18B} = {D645E982-CA15-46ED-A393-B3A75D2C4015}
	EndGlobalSection
	GlobalSection(ExtensibilityGlobals) = postSolution
		SolutionGuid = {19DA0099-4708-4274-A4CB-2BAE93E38986}
	EndGlobalSection
EndGlobal
