
Microsoft Visual Studio Solution File, Format Version 12.00
# Visual Studio 15
VisualStudioVersion = 15.0.26124.0
MinimumVisualStudioVersion = 15.0.26124.0
Project("{FAE04EC0-301F-11D3-BF4B-00C04F79EFBC}") = "R5T.Dropbox.Base.Construction", "R5T.Dropbox.Base.Construction\R5T.Dropbox.Base.Construction.csproj", "{1C7AB150-67BF-4BF0-AA0A-31B04F376662}"
EndProject
Project("{FAE04EC0-301F-11D3-BF4B-00C04F79EFBC}") = "R5T.Dropbox.Base", "R5T.Dropbox.Base\R5T.Dropbox.Base.csproj", "{4633E13C-CA3C-4E7E-97DC-2D1EA1336361}"
EndProject
Project("{FAE04EC0-301F-11D3-BF4B-00C04F79EFBC}") = "R5T.Dropbox.Base.Testing", "R5T.Dropbox.Base.Testing\R5T.Dropbox.Base.Testing.csproj", "{433EAC5C-F1B7-41B3-85B3-5064DB8F6582}"
EndProject
Global
	GlobalSection(SolutionConfigurationPlatforms) = preSolution
		Debug|Any CPU = Debug|Any CPU
		Debug|x64 = Debug|x64
		Debug|x86 = Debug|x86
		Release|Any CPU = Release|Any CPU
		Release|x64 = Release|x64
		Release|x86 = Release|x86
	EndGlobalSection
	GlobalSection(SolutionProperties) = preSolution
		HideSolutionNode = FALSE
	EndGlobalSection
	GlobalSection(ProjectConfigurationPlatforms) = postSolution
		{1C7AB150-67BF-4BF0-AA0A-31B04F376662}.Debug|Any CPU.ActiveCfg = Debug|Any CPU
		{1C7AB150-67BF-4BF0-AA0A-31B04F376662}.Debug|Any CPU.Build.0 = Debug|Any CPU
		{1C7AB150-67BF-4BF0-AA0A-31B04F376662}.Debug|x64.ActiveCfg = Debug|Any CPU
		{1C7AB150-67BF-4BF0-AA0A-31B04F376662}.Debug|x64.Build.0 = Debug|Any CPU
		{1C7AB150-67BF-4BF0-AA0A-31B04F376662}.Debug|x86.ActiveCfg = Debug|Any CPU
		{1C7AB150-67BF-4BF0-AA0A-31B04F376662}.Debug|x86.Build.0 = Debug|Any CPU
		{1C7AB150-67BF-4BF0-AA0A-31B04F376662}.Release|Any CPU.ActiveCfg = Release|Any CPU
		{1C7AB150-67BF-4BF0-AA0A-31B04F376662}.Release|Any CPU.Build.0 = Release|Any CPU
		{1C7AB150-67BF-4BF0-AA0A-31B04F376662}.Release|x64.ActiveCfg = Release|Any CPU
		{1C7AB150-67BF-4BF0-AA0A-31B04F376662}.Release|x64.Build.0 = Release|Any CPU
		{1C7AB150-67BF-4BF0-AA0A-31B04F376662}.Release|x86.ActiveCfg = Release|Any CPU
		{1C7AB150-67BF-4BF0-AA0A-31B04F376662}.Release|x86.Build.0 = Release|Any CPU
		{4633E13C-CA3C-4E7E-97DC-2D1EA1336361}.Debug|Any CPU.ActiveCfg = Debug|Any CPU
		{4633E13C-CA3C-4E7E-97DC-2D1EA1336361}.Debug|Any CPU.Build.0 = Debug|Any CPU
		{4633E13C-CA3C-4E7E-97DC-2D1EA1336361}.Debug|x64.ActiveCfg = Debug|Any CPU
		{4633E13C-CA3C-4E7E-97DC-2D1EA1336361}.Debug|x64.Build.0 = Debug|Any CPU
		{4633E13C-CA3C-4E7E-97DC-2D1EA1336361}.Debug|x86.ActiveCfg = Debug|Any CPU
		{4633E13C-CA3C-4E7E-97DC-2D1EA1336361}.Debug|x86.Build.0 = Debug|Any CPU
		{4633E13C-CA3C-4E7E-97DC-2D1EA1336361}.Release|Any CPU.ActiveCfg = Release|Any CPU
		{4633E13C-CA3C-4E7E-97DC-2D1EA1336361}.Release|Any CPU.Build.0 = Release|Any CPU
		{4633E13C-CA3C-4E7E-97DC-2D1EA1336361}.Release|x64.ActiveCfg = Release|Any CPU
		{4633E13C-CA3C-4E7E-97DC-2D1EA1336361}.Release|x64.Build.0 = Release|Any CPU
		{4633E13C-CA3C-4E7E-97DC-2D1EA1336361}.Release|x86.ActiveCfg = Release|Any CPU
		{4633E13C-CA3C-4E7E-97DC-2D1EA1336361}.Release|x86.Build.0 = Release|Any CPU
		{433EAC5C-F1B7-41B3-85B3-5064DB8F6582}.Debug|Any CPU.ActiveCfg = Debug|Any CPU
		{433EAC5C-F1B7-41B3-85B3-5064DB8F6582}.Debug|Any CPU.Build.0 = Debug|Any CPU
		{433EAC5C-F1B7-41B3-85B3-5064DB8F6582}.Debug|x64.ActiveCfg = Debug|Any CPU
		{433EAC5C-F1B7-41B3-85B3-5064DB8F6582}.Debug|x64.Build.0 = Debug|Any CPU
		{433EAC5C-F1B7-41B3-85B3-5064DB8F6582}.Debug|x86.ActiveCfg = Debug|Any CPU
		{433EAC5C-F1B7-41B3-85B3-5064DB8F6582}.Debug|x86.Build.0 = Debug|Any CPU
		{433EAC5C-F1B7-41B3-85B3-5064DB8F6582}.Release|Any CPU.ActiveCfg = Release|Any CPU
		{433EAC5C-F1B7-41B3-85B3-5064DB8F6582}.Release|Any CPU.Build.0 = Release|Any CPU
		{433EAC5C-F1B7-41B3-85B3-5064DB8F6582}.Release|x64.ActiveCfg = Release|Any CPU
		{433EAC5C-F1B7-41B3-85B3-5064DB8F6582}.Release|x64.Build.0 = Release|Any CPU
		{433EAC5C-F1B7-41B3-85B3-5064DB8F6582}.Release|x86.ActiveCfg = Release|Any CPU
		{433EAC5C-F1B7-41B3-85B3-5064DB8F6582}.Release|x86.Build.0 = Release|Any CPU
	EndGlobalSection
EndGlobal
